
Microsoft Visual Studio Solution File, Format Version 12.00
# Visual Studio Version 17
VisualStudioVersion = 17.13.35828.75
MinimumVisualStudioVersion = 10.0.40219.1
Project("{FAE04EC0-301F-11D3-BF4B-00C04F79EFBC}") = "StudentPortal.Web", "StudentPortal.Wep\StudentPortal.Web.csproj", "{C0F0CF33-792C-4726-84AA-21021A1AA36F}"
EndProject
Global
	GlobalSection(SolutionConfigurationPlatforms) = preSolution
		Debug|Any CPU = Debug|Any CPU
		Release|Any CPU = Release|Any CPU
	EndGlobalSection
	GlobalSection(ProjectConfigurationPlatforms) = postSolution
		{C0F0CF33-792C-4726-84AA-21021A1AA36F}.Debug|Any CPU.ActiveCfg = Debug|Any CPU
		{C0F0CF33-792C-4726-84AA-21021A1AA36F}.Debug|Any CPU.Build.0 = Debug|Any CPU
		{C0F0CF33-792C-4726-84AA-21021A1AA36F}.Release|Any CPU.ActiveCfg = Release|Any CPU
		{C0F0CF33-792C-4726-84AA-21021A1AA36F}.Release|Any CPU.Build.0 = Release|Any CPU
	EndGlobalSection
	GlobalSection(SolutionProperties) = preSolution
		HideSolutionNode = FALSE
	EndGlobalSection
	GlobalSection(ExtensibilityGlobals) = postSolution
		SolutionGuid = {394384FE-2509-47C6-A38F-D225CC687A7C}
	EndGlobalSection
EndGlobal
